
Microsoft Visual Studio Solution File, Format Version 11.00
# Visual Studio 2010
Project("{FAE04EC0-301F-11D3-BF4B-00C04F79EFBC}") = "Assembly-CSharp", "Assembly-CSharp.csproj", "{6a5a8d8b-6931-b42c-3a9e-4f05ce6c7434}"
EndProject
Project("{FAE04EC0-301F-11D3-BF4B-00C04F79EFBC}") = "Unity.XR.Interaction.Toolkit.Samples.StarterAssets", "Unity.XR.Interaction.Toolkit.Samples.StarterAssets.csproj", "{a62854d5-6dc6-f995-424d-c6d60f2fa4db}"
EndProject
Project("{FAE04EC0-301F-11D3-BF4B-00C04F79EFBC}") = "Assembly-CSharp-Editor", "Assembly-CSharp-Editor.csproj", "{d6599b56-9a7e-79bc-a3b5-f69e21c5b7ce}"
EndProject
Project("{FAE04EC0-301F-11D3-BF4B-00C04F79EFBC}") = "Unity.XR.Interaction.Toolkit.Samples.StarterAssets.Editor", "Unity.XR.Interaction.Toolkit.Samples.StarterAssets.Editor.csproj", "{fc697eca-7a6a-8b62-eb63-027721f08dbc}"
EndProject
Global
	GlobalSection(SolutionConfigurationPlatforms) = preSolution
		Debug|Any CPU = Debug|Any CPU
	EndGlobalSection
	GlobalSection(ProjectConfigurationPlatforms) = postSolution
		{6a5a8d8b-6931-b42c-3a9e-4f05ce6c7434}.Debug|Any CPU.ActiveCfg = Debug|Any CPU
		{6a5a8d8b-6931-b42c-3a9e-4f05ce6c7434}.Debug|Any CPU.Build.0 = Debug|Any CPU
		{a62854d5-6dc6-f995-424d-c6d60f2fa4db}.Debug|Any CPU.ActiveCfg = Debug|Any CPU
		{a62854d5-6dc6-f995-424d-c6d60f2fa4db}.Debug|Any CPU.Build.0 = Debug|Any CPU
		{d6599b56-9a7e-79bc-a3b5-f69e21c5b7ce}.Debug|Any CPU.ActiveCfg = Debug|Any CPU
		{d6599b56-9a7e-79bc-a3b5-f69e21c5b7ce}.Debug|Any CPU.Build.0 = Debug|Any CPU
		{fc697eca-7a6a-8b62-eb63-027721f08dbc}.Debug|Any CPU.ActiveCfg = Debug|Any CPU
		{fc697eca-7a6a-8b62-eb63-027721f08dbc}.Debug|Any CPU.Build.0 = Debug|Any CPU
	EndGlobalSection
	GlobalSection(SolutionProperties) = preSolution
		HideSolutionNode = FALSE
	EndGlobalSection
EndGlobal
